
Microsoft Visual Studio Solution File, Format Version 12.00
# Visual Studio Version 16
VisualStudioVersion = 16.0.31515.178
MinimumVisualStudioVersion = 10.0.40219.1
Project("{FAE04EC0-301F-11D3-BF4B-00C04F79EFBC}") = "TestWebApplication", "TestWebApplication\TestWebApplication.csproj", "{CD34DA58-F1BF-4340-A1FA-F514E9DAFB70}"
EndProject
Global
	GlobalSection(SolutionConfigurationPlatforms) = preSolution
		Debug|Any CPU = Debug|Any CPU
		Release|Any CPU = Release|Any CPU
	EndGlobalSection
	GlobalSection(ProjectConfigurationPlatforms) = postSolution
		{CD34DA58-F1BF-4340-A1FA-F514E9DAFB70}.Debug|Any CPU.ActiveCfg = Debug|Any CPU
		{CD34DA58-F1BF-4340-A1FA-F514E9DAFB70}.Debug|Any CPU.Build.0 = Debug|Any CPU
		{CD34DA58-F1BF-4340-A1FA-F514E9DAFB70}.Release|Any CPU.ActiveCfg = Release|Any CPU
		{CD34DA58-F1BF-4340-A1FA-F514E9DAFB70}.Release|Any CPU.Build.0 = Release|Any CPU
	EndGlobalSection
	GlobalSection(SolutionProperties) = preSolution
		HideSolutionNode = FALSE
	EndGlobalSection
	GlobalSection(ExtensibilityGlobals) = postSolution
		SolutionGuid = {94363E46-F3DC-4812-8741-78B9A9BF09FD}
	EndGlobalSection
EndGlobal
